
Microsoft Visual Studio Solution File, Format Version 12.00
# Visual Studio Version 17
VisualStudioVersion = 17.6.33815.320
MinimumVisualStudioVersion = 10.0.40219.1
Project("{8BC9CEB8-8B4A-11D0-8D11-00A0C91BC942}") = "YoonsGraphicsEngine", "YoonsGraphicsEngine\YoonsGraphicsEngine.vcxproj", "{68C968B3-DBD1-49D2-A4DF-2E3700FE2FBD}"
EndProject
Project("{8BC9CEB8-8B4A-11D0-8D11-00A0C91BC942}") = "EngineDemo", "EngineDemo\EngineDemo.vcxproj", "{D47E9427-6D40-4DAC-AAE7-35A3E2F12D99}"
	ProjectSection(ProjectDependencies) = postProject
		{68C968B3-DBD1-49D2-A4DF-2E3700FE2FBD} = {68C968B3-DBD1-49D2-A4DF-2E3700FE2FBD}
		{902A53CA-B44B-448D-8DFE-1AFE04D2756F} = {902A53CA-B44B-448D-8DFE-1AFE04D2756F}
	EndProjectSection
EndProject
Project("{8BC9CEB8-8B4A-11D0-8D11-00A0C91BC942}") = "DR3DLib", "DR3DLib\DR3DLib.vcxproj", "{902A53CA-B44B-448D-8DFE-1AFE04D2756F}"
EndProject
Global
	GlobalSection(SolutionConfigurationPlatforms) = preSolution
		Debug|x64 = Debug|x64
		Debug|x86 = Debug|x86
		Release|x64 = Release|x64
		Release|x86 = Release|x86
	EndGlobalSection
	GlobalSection(ProjectConfigurationPlatforms) = postSolution
		{68C968B3-DBD1-49D2-A4DF-2E3700FE2FBD}.Debug|x64.ActiveCfg = Debug|x64
		{68C968B3-DBD1-49D2-A4DF-2E3700FE2FBD}.Debug|x64.Build.0 = Debug|x64
		{68C968B3-DBD1-49D2-A4DF-2E3700FE2FBD}.Debug|x86.ActiveCfg = Debug|Win32
		{68C968B3-DBD1-49D2-A4DF-2E3700FE2FBD}.Debug|x86.Build.0 = Debug|Win32
		{68C968B3-DBD1-49D2-A4DF-2E3700FE2FBD}.Release|x64.ActiveCfg = Release|x64
		{68C968B3-DBD1-49D2-A4DF-2E3700FE2FBD}.Release|x64.Build.0 = Release|x64
		{68C968B3-DBD1-49D2-A4DF-2E3700FE2FBD}.Release|x86.ActiveCfg = Release|Win32
		{68C968B3-DBD1-49D2-A4DF-2E3700FE2FBD}.Release|x86.Build.0 = Release|Win32
		{D47E9427-6D40-4DAC-AAE7-35A3E2F12D99}.Debug|x64.ActiveCfg = Debug|x64
		{D47E9427-6D40-4DAC-AAE7-35A3E2F12D99}.Debug|x64.Build.0 = Debug|x64
		{D47E9427-6D40-4DAC-AAE7-35A3E2F12D99}.Debug|x86.ActiveCfg = Debug|Win32
		{D47E9427-6D40-4DAC-AAE7-35A3E2F12D99}.Debug|x86.Build.0 = Debug|Win32
		{D47E9427-6D40-4DAC-AAE7-35A3E2F12D99}.Release|x64.ActiveCfg = Release|x64
		{D47E9427-6D40-4DAC-AAE7-35A3E2F12D99}.Release|x64.Build.0 = Release|x64
		{D47E9427-6D40-4DAC-AAE7-35A3E2F12D99}.Release|x86.ActiveCfg = Release|Win32
		{D47E9427-6D40-4DAC-AAE7-35A3E2F12D99}.Release|x86.Build.0 = Release|Win32
		{902A53CA-B44B-448D-8DFE-1AFE04D2756F}.Debug|x64.ActiveCfg = Debug|x64
		{902A53CA-B44B-448D-8DFE-1AFE04D2756F}.Debug|x64.Build.0 = Debug|x64
		{902A53CA-B44B-448D-8DFE-1AFE04D2756F}.Debug|x86.ActiveCfg = Debug|Win32
		{902A53CA-B44B-448D-8DFE-1AFE04D2756F}.Debug|x86.Build.0 = Debug|Win32
		{902A53CA-B44B-448D-8DFE-1AFE04D2756F}.Release|x64.ActiveCfg = Release|x64
		{902A53CA-B44B-448D-8DFE-1AFE04D2756F}.Release|x64.Build.0 = Release|x64
		{902A53CA-B44B-448D-8DFE-1AFE04D2756F}.Release|x86.ActiveCfg = Release|Win32
		{902A53CA-B44B-448D-8DFE-1AFE04D2756F}.Release|x86.Build.0 = Release|Win32
	EndGlobalSection
	GlobalSection(SolutionProperties) = preSolution
		HideSolutionNode = FALSE
	EndGlobalSection
	GlobalSection(ExtensibilityGlobals) = postSolution
		SolutionGuid = {626313B7-9329-413D-9A1D-CF3237400DBD}
	EndGlobalSection
EndGlobal
